
Microsoft Visual Studio Solution File, Format Version 12.00
# Visual Studio 15
VisualStudioVersion = 15.0.27130.2024
MinimumVisualStudioVersion = 10.0.40219.1
Project("{FAE04EC0-301F-11D3-BF4B-00C04F79EFBC}") = "TestStackFramework", "TestStackFramework\TestStackFramework.csproj", "{C1C11921-87FD-46D1-A009-5919A4173CBA}"
EndProject
Project("{FAE04EC0-301F-11D3-BF4B-00C04F79EFBC}") = "Tests", "Tests\Tests.csproj", "{497CCABF-BF24-4990-9A7C-6C1E4320B547}"
EndProject
Project("{FAE04EC0-301F-11D3-BF4B-00C04F79EFBC}") = "Views", "Views\Views.csproj", "{7175ED54-0A25-437A-A959-CE6EF64367B3}"
EndProject
Global
	GlobalSection(SolutionConfigurationPlatforms) = preSolution
		Debug|Any CPU = Debug|Any CPU
		Release|Any CPU = Release|Any CPU
	EndGlobalSection
	GlobalSection(ProjectConfigurationPlatforms) = postSolution
		{C1C11921-87FD-46D1-A009-5919A4173CBA}.Debug|Any CPU.ActiveCfg = Debug|Any CPU
		{C1C11921-87FD-46D1-A009-5919A4173CBA}.Debug|Any CPU.Build.0 = Debug|Any CPU
		{C1C11921-87FD-46D1-A009-5919A4173CBA}.Release|Any CPU.ActiveCfg = Release|Any CPU
		{C1C11921-87FD-46D1-A009-5919A4173CBA}.Release|Any CPU.Build.0 = Release|Any CPU
		{497CCABF-BF24-4990-9A7C-6C1E4320B547}.Debug|Any CPU.ActiveCfg = Debug|Any CPU
		{497CCABF-BF24-4990-9A7C-6C1E4320B547}.Debug|Any CPU.Build.0 = Debug|Any CPU
		{497CCABF-BF24-4990-9A7C-6C1E4320B547}.Release|Any CPU.ActiveCfg = Release|Any CPU
		{497CCABF-BF24-4990-9A7C-6C1E4320B547}.Release|Any CPU.Build.0 = Release|Any CPU
		{7175ED54-0A25-437A-A959-CE6EF64367B3}.Debug|Any CPU.ActiveCfg = Debug|Any CPU
		{7175ED54-0A25-437A-A959-CE6EF64367B3}.Debug|Any CPU.Build.0 = Debug|Any CPU
		{7175ED54-0A25-437A-A959-CE6EF64367B3}.Release|Any CPU.ActiveCfg = Release|Any CPU
		{7175ED54-0A25-437A-A959-CE6EF64367B3}.Release|Any CPU.Build.0 = Release|Any CPU
	EndGlobalSection
	GlobalSection(SolutionProperties) = preSolution
		HideSolutionNode = FALSE
	EndGlobalSection
	GlobalSection(ExtensibilityGlobals) = postSolution
		SolutionGuid = {E816F662-C9BA-4CFA-AA0B-D2361792091E}
	EndGlobalSection
EndGlobal
